github.com/google/go-cmp v0.6.0 h1:ofyhxvXcZhMsU5ulbFiLKl/XBFqE1GSq7atu8tAmTRI=
github.com/google/go-cmp v0.6.0/go.mod h1:17dUlkBOakJ0+DkrSSNjCkIjxS6bF9zb3elmeNGIjoY=
github.com/shogo82148/floats v0.3.0 h1:ha4xOed0y6gDFcO5oJwe27KXChYelplTRytosE2s/0o=
github.com/shogo82148/floats v0.3.0/go.mod h1:r6dvhGkwOXCFcE5okQi8670H3ljvESSem8zuf5ipYH0=
github.com/shogo82148/ints v0.1.1 h1:iPDeMnkMIQmuCPYhwbzg/7Zhx1O9ImlP3YS5fEqjcBc=
github.com/shogo82148/ints v0.1.1/go.mod h1:gbLl66XIaav9DKkYMj9/I6DtV+ZcwWHPqpcFnLq3ANM=
